
Microsoft Visual Studio Solution File, Format Version 12.00
# Visual Studio Version 17
VisualStudioVersion = 17.7.34202.233
MinimumVisualStudioVersion = 10.0.40219.1
Project("{FAE04EC0-301F-11D3-BF4B-00C04F79EFBC}") = "VT24A5", "VT24A5.csproj", "{F2BE69BC-A5AC-4D4E-BCDA-EAB00DCD55B8}"
EndProject
Global
	GlobalSection(SolutionConfigurationPlatforms) = preSolution
		Debug|Any CPU = Debug|Any CPU
		Release|Any CPU = Release|Any CPU
	EndGlobalSection
	GlobalSection(ProjectConfigurationPlatforms) = postSolution
		{F2BE69BC-A5AC-4D4E-BCDA-EAB00DCD55B8}.Debug|Any CPU.ActiveCfg = Debug|Any CPU
		{F2BE69BC-A5AC-4D4E-BCDA-EAB00DCD55B8}.Debug|Any CPU.Build.0 = Debug|Any CPU
		{F2BE69BC-A5AC-4D4E-BCDA-EAB00DCD55B8}.Release|Any CPU.ActiveCfg = Release|Any CPU
		{F2BE69BC-A5AC-4D4E-BCDA-EAB00DCD55B8}.Release|Any CPU.Build.0 = Release|Any CPU
	EndGlobalSection
	GlobalSection(SolutionProperties) = preSolution
		HideSolutionNode = FALSE
	EndGlobalSection
	GlobalSection(ExtensibilityGlobals) = postSolution
		SolutionGuid = {665F3E15-7C82-40D8-84CA-69B598BAFA10}
	EndGlobalSection
EndGlobal
